
Microsoft Visual Studio Solution File, Format Version 12.00
# Visual Studio Version 16
VisualStudioVersion = 16.0.29709.97
MinimumVisualStudioVersion = 10.0.40219.1
Project("{FAE04EC0-301F-11D3-BF4B-00C04F79EFBC}") = "Drama_Inventory", "Drama_Inventory\Drama_Inventory.csproj", "{5756B4E4-25A5-4B91-B0B6-EAD4A84D78AA}"
EndProject
Global
	GlobalSection(SolutionConfigurationPlatforms) = preSolution
		Debug|Any CPU = Debug|Any CPU
		Release|Any CPU = Release|Any CPU
	EndGlobalSection
	GlobalSection(ProjectConfigurationPlatforms) = postSolution
		{5756B4E4-25A5-4B91-B0B6-EAD4A84D78AA}.Debug|Any CPU.ActiveCfg = Debug|Any CPU
		{5756B4E4-25A5-4B91-B0B6-EAD4A84D78AA}.Debug|Any CPU.Build.0 = Debug|Any CPU
		{5756B4E4-25A5-4B91-B0B6-EAD4A84D78AA}.Release|Any CPU.ActiveCfg = Release|Any CPU
		{5756B4E4-25A5-4B91-B0B6-EAD4A84D78AA}.Release|Any CPU.Build.0 = Release|Any CPU
	EndGlobalSection
	GlobalSection(SolutionProperties) = preSolution
		HideSolutionNode = FALSE
	EndGlobalSection
	GlobalSection(ExtensibilityGlobals) = postSolution
		SolutionGuid = {C8982DB5-66DF-4F2A-B69C-EDE41304AB59}
	EndGlobalSection
EndGlobal
